// !$*UTF8*$!
{
	archiveVersion = 1;
	classes = {
	};
	objectVersion = 52;
	objects = {

/* Begin PBXBuildFile section */
		009F2099106A103EA5013B4C /* HandLines.swift in Sources */ = {isa = PBXBuildFile; fileRef = 916D3CD6E380E16083BEB87D /* HandLines.swift */; };
		04C0819596DA94F45A6DEAB8 /* PracticeView.swift in Sources */ = {isa = PBXBuildFile; fileRef = 99A445EF09E4F9709D57F064 /* PracticeView.swift */; };
		05B1A2715CE7F827FA6F36BA /* LottieView.swift in Sources */ = {isa = PBXBuildFile; fileRef = E21667F3922CF4623655E6DD /* LottieView.swift */; };
		07313F35F001E5F7B3FF6F58 /* CompareView.swift in Sources */ = {isa = PBXBuildFile; fileRef = E1C01CE2969A78878B2651FD /* CompareView.swift */; };
		089C735FB0DDADA06AE9B8D5 /* PracticeViewModel.swift in Sources */ = {isa = PBXBuildFile; fileRef = BF0B436DD6DAF9D1667BB1BC /* PracticeViewModel.swift */; };
		091367095C9F5642A1CB6776 /* OnboardingLatihanTiru.swift in Sources */ = {isa = PBXBuildFile; fileRef = 8DD248B70321BE0D13110C85 /* OnboardingLatihanTiru.swift */; };
		099D7285C59A70202562D737 /* AccomplishmentTiru.swift in Sources */ = {isa = PBXBuildFile; fileRef = 6B4A96650914334E40940ED1 /* AccomplishmentTiru.swift */; };
		156BDFD68BD5D417A9A3C1B1 /* SimulationViewModel.swift in Sources */ = {isa = PBXBuildFile; fileRef = E1A2FA5741B2A373E33911FF /* SimulationViewModel.swift */; };
		159D9BCB64D7DF599967E393 /* Assets.xcassets in Resources */ = {isa = PBXBuildFile; fileRef = C07A0C50D46C78B7D34FDB24 /* Assets.xcassets */; };
		18981A457D6D6F35F7F8D404 /* VideoView.swift in Sources */ = {isa = PBXBuildFile; fileRef = 270663A6100EF4D5836B3A09 /* VideoView.swift */; };
		1A3CC2C0ED8B45467608EF24 /* YourTurnView.swift in Sources */ = {isa = PBXBuildFile; fileRef = DB56FC9B7DCA54A4FA21B5F7 /* YourTurnView.swift */; };
		1B405264C46BAE647B06BB01 /* ProgressBar.swift in Sources */ = {isa = PBXBuildFile; fileRef = 1AE6978CB75C4A8BAC76BA89 /* ProgressBar.swift */; };
		1FB5593379EFEEBDE7821C35 /* CameraViewController.swift in Sources */ = {isa = PBXBuildFile; fileRef = 279805C3262B54732701EA9F /* CameraViewController.swift */; };
		24C76697610B98314D84E7EF /* ColorConfig.swift in Sources */ = {isa = PBXBuildFile; fileRef = 001BF5FAC6DE6AF875597DB9 /* ColorConfig.swift */; };
		2DE307E1D08040D56ED29EE3 /* ChatBubble.swift in Sources */ = {isa = PBXBuildFile; fileRef = 61571D475D68A328D52A1734 /* ChatBubble.swift */; };
		31A245C6ADAB54460924C8A6 /* SignityUITests.swift in Sources */ = {isa = PBXBuildFile; fileRef = 547B85768E0463A85FF0B252 /* SignityUITests.swift */; };
		321BCF0933B9CC69F646AE75 /* CourseModel.swift in Sources */ = {isa = PBXBuildFile; fileRef = 67D4914CC166E8C44F03F1D6 /* CourseModel.swift */; };
		347DEA0453009FBC5310F3E7 /* Preview Assets.xcassets in Resources */ = {isa = PBXBuildFile; fileRef = E77AE505F7D6503D14129DC1 /* Preview Assets.xcassets */; };
		388B23B90718820A73A0951C /* Signity.xcdatamodeld in Sources */ = {isa = PBXBuildFile; fileRef = E3D6A0422622C32959874569 /* Signity.xcdatamodeld */; };
		38A00CAD6D3635F49D2E8777 /* SentenceFeedbackView.swift in Sources */ = {isa = PBXBuildFile; fileRef = 987CCAD410893A903846610A /* SentenceFeedbackView.swift */; };
		3B9AF74576B582B36790443D /* person.json in Resources */ = {isa = PBXBuildFile; fileRef = 617AE4E0ADFD1EB1B30CEEA9 /* person.json */; };
		3CC6C39BC8E7F3CFEED05989 /* Onboarding.swift in Sources */ = {isa = PBXBuildFile; fileRef = 83878CD97BD140ABD104ECC6 /* Onboarding.swift */; };
		3F426FA2579AA91947449ED2 /* SettingsView.swift in Sources */ = {isa = PBXBuildFile; fileRef = 13F3D84A0A7604AB9049B68A /* SettingsView.swift */; };
		496A42468A95303ECA86D483 /* PhraseButton.swift in Sources */ = {isa = PBXBuildFile; fileRef = D1FDD3F9D4DB3C38A02F4D76 /* PhraseButton.swift */; };
		524825ED58397E1E94A10618 /* PlaybackButton.swift in Sources */ = {isa = PBXBuildFile; fileRef = B4F139692329014ADE4D25E3 /* PlaybackButton.swift */; };
		553E439A26C13AD700ED706E /* OnboardingData.swift in Sources */ = {isa = PBXBuildFile; fileRef = 553E439926C13AD700ED706E /* OnboardingData.swift */; };
		5B2CB0C4F72B3DF6F0B3E836 /* SignityTests.swift in Sources */ = {isa = PBXBuildFile; fileRef = 8DB8AA153DB638E5543DF0E7 /* SignityTests.swift */; };
		60C13B7A61BF3FDD49E56CD3 /* OnboardingRegion.swift in Sources */ = {isa = PBXBuildFile; fileRef = 2DC5C4BE237D93EA6CB23CE2 /* OnboardingRegion.swift */; };
		61E538B9C9C7313D2974E558 /* CoursePage.swift in Sources */ = {isa = PBXBuildFile; fileRef = C794D8A0D50E58BD6C56F66B /* CoursePage.swift */; };
		626A2AC23D2FCEFBFACBD931 /* PhraseBCell.swift in Sources */ = {isa = PBXBuildFile; fileRef = 262DD59938FEE703EF945011 /* PhraseBCell.swift */; };
		673D9AF2165F77F9220252BB /* BasicCharacterView.swift in Sources */ = {isa = PBXBuildFile; fileRef = 0EFC6CF4A807F86FDF36B22D /* BasicCharacterView.swift */; };
		78608EBDC9EEB6E96F27EE7F /* CameraNavigationBar.swift in Sources */ = {isa = PBXBuildFile; fileRef = 76DC06823247EC7547D98226 /* CameraNavigationBar.swift */; };
		7A0AE58C1A4B5DFC68201390 /* TutorialView.swift in Sources */ = {isa = PBXBuildFile; fileRef = 470565220643A165BE924DF6 /* TutorialView.swift */; };
		7F4E21AB2E5892E60A117BB4 /* Hand.swift in Sources */ = {isa = PBXBuildFile; fileRef = 937BBB895E982E23EDE14EB8 /* Hand.swift */; };
		8127349C1209CDFEC89CD65F /* HandLandmarks.swift in Sources */ = {isa = PBXBuildFile; fileRef = 74C32BE981B5B58D7DF608A1 /* HandLandmarks.swift */; };
		851C5E38307AD135B7FD9397 /* ComparePhraseView.swift in Sources */ = {isa = PBXBuildFile; fileRef = A6FFF2DD3D1AE814A9C6EE77 /* ComparePhraseView.swift */; };
		8607050E3280A0DC11FE7B0F /* dolphin.json in Resources */ = {isa = PBXBuildFile; fileRef = 862F352F3B100B1E86D29A27 /* dolphin.json */; };
		8D1C0BF2912C124ECD82C09B /* CategoryModel.swift in Sources */ = {isa = PBXBuildFile; fileRef = 4F3B710B9C4E7AF146316DE2 /* CategoryModel.swift */; };
		943739E86AEF32D30B9D9D13 /* LaunchScreen.storyboard in Resources */ = {isa = PBXBuildFile; fileRef = 91F10AB9ED99D0899092C811 /* LaunchScreen.storyboard */; };
		986CD9B189F6B757A1B96189 /* PhraseACell.swift in Sources */ = {isa = PBXBuildFile; fileRef = 6327FAFD01F9CBA5AD2A2B74 /* PhraseACell.swift */; };
		9AC993F189A7B4D1CC60019C /* OnboardingSimulasi.swift in Sources */ = {isa = PBXBuildFile; fileRef = BC1946E712BBE28EF1AE9E39 /* OnboardingSimulasi.swift */; };
		9FED50ED7D44182DFC591429 /* ChatTriangleShape.swift in Sources */ = {isa = PBXBuildFile; fileRef = D8F0F68D1A393723854BF024 /* ChatTriangleShape.swift */; };
		A0C9CC3E8AD3E4D3C9F8D885 /* HandGuide.swift in Sources */ = {isa = PBXBuildFile; fileRef = 9038060D677E653F93F8D914 /* HandGuide.swift */; };
		AA582D9468B35846D6B685FC /* AppDelegate.swift in Sources */ = {isa = PBXBuildFile; fileRef = 6666808466A209E8F198A6D2 /* AppDelegate.swift */; };
		AD4ACC98BE902A96BFDA7EEC /* CardViewCourse.swift in Sources */ = {isa = PBXBuildFile; fileRef = 920CB00F8114C948820898D6 /* CardViewCourse.swift */; };
		AE0431379DD116CD99F158FE /* BasicPhraseView.swift in Sources */ = {isa = PBXBuildFile; fileRef = E852BF7EE7359762A27F4B45 /* BasicPhraseView.swift */; };
		B39C686929EE2D6C5302A515 /* PhraseStyle.swift in Sources */ = {isa = PBXBuildFile; fileRef = 2C5CEB645E725CEFE6E62118 /* PhraseStyle.swift */; };
		B9ED22CF0CF16C1D509E7C70 /* AccomplishmentSimulasi.swift in Sources */ = {isa = PBXBuildFile; fileRef = 5952026596553C5C9494F027 /* AccomplishmentSimulasi.swift */; };
		BA41B4DA649832A3274E96D3 /* SituationPhraseView.swift in Sources */ = {isa = PBXBuildFile; fileRef = D44B8AE401E1AF9CAF282DA8 /* SituationPhraseView.swift */; };
		BA7879FB5453789E57E087FB /* blender.json in Resources */ = {isa = PBXBuildFile; fileRef = 46A0276B4BC014FE02C84F0E /* blender.json */; };
		BD474682C4EF22D12528286A /* SceneDelegate.swift in Sources */ = {isa = PBXBuildFile; fileRef = E4F70F021D91A5C03A9E62F0 /* SceneDelegate.swift */; };
		C4FD1649159EA4B236539F48 /* CameraViewController+DrawLandmark.swift in Sources */ = {isa = PBXBuildFile; fileRef = 41022655D8306F102604B79C /* CameraViewController+DrawLandmark.swift */; };
		C8CDC39F39C55B8C009FC006 /* TutorialPhraseView.swift in Sources */ = {isa = PBXBuildFile; fileRef = FCF9E77E37D87A98CE8298F0 /* TutorialPhraseView.swift */; };
		CCAB2B0F632FF0C5AE04FD1A /* TutorialViewModel.swift in Sources */ = {isa = PBXBuildFile; fileRef = 42C6A2C6E9383B8717A12A3E /* TutorialViewModel.swift */; };
		CD723BAE78FF4946B516D483 /* ColorPallete.swift in Sources */ = {isa = PBXBuildFile; fileRef = 0571F9AE291B03B6EFAC539C /* ColorPallete.swift */; };
		D00C409638D13A7EDA5DDCD5 /* ContentView.swift in Sources */ = {isa = PBXBuildFile; fileRef = 4F7B3399D5BCEF5CDBDB6DA1 /* ContentView.swift */; };
		D165A30D85509EDE52A71FFB /* CardViewCourseLock.swift in Sources */ = {isa = PBXBuildFile; fileRef = A0D7EE716EDD06555C28C966 /* CardViewCourseLock.swift */; };
		D7A6003F26CAD5C08AF09AE4 /* SimulationView.swift in Sources */ = {isa = PBXBuildFile; fileRef = BBABD56B2392B76F8D92AD37 /* SimulationView.swift */; };
		DB4207052D8FD93F264D787B /* CameraRepresentable.swift in Sources */ = {isa = PBXBuildFile; fileRef = B96FBD18996C823EE0C1B021 /* CameraRepresentable.swift */; };
		E6BB61039551A3FA7EACDA5A /* CollectionView.swift in Sources */ = {isa = PBXBuildFile; fileRef = CD188080E4DE4461D42AC80B /* CollectionView.swift */; };
		EE8A3342919A6E51AD06F3EB /* Lottie in Frameworks */ = {isa = PBXBuildFile; productRef = BD103C4E035C99740F69B634 /* Lottie */; };
		EFE5E06B9AA1CED7A1ED0DB6 /* HintButton.swift in Sources */ = {isa = PBXBuildFile; fileRef = 81A658F1F3904143390E2BA0 /* HintButton.swift */; };
		F2F8A5F45A805C2DCE1E1396 /* ProgressBarCourse.swift in Sources */ = {isa = PBXBuildFile; fileRef = EB07268FEBCC090892FDDFDB /* ProgressBarCourse.swift */; };
		FC65BE15315AB48DDB1684DF /* HorizontalModules.swift in Sources */ = {isa = PBXBuildFile; fileRef = 37E0F6AB7A446A3B393E745F /* HorizontalModules.swift */; };
		FE5220F21863C2B7F851F3AC /* CharacterCell.swift in Sources */ = {isa = PBXBuildFile; fileRef = 6B18DC5CF32CD6EE3B2B19E2 /* CharacterCell.swift */; };
/* End PBXBuildFile section */

/* Begin PBXFileReference section */
		001BF5FAC6DE6AF875597DB9 /* ColorConfig.swift */ = {isa = PBXFileReference; lastKnownFileType = sourcecode.swift; path = ColorConfig.swift; sourceTree = "<group>"; };
		0571F9AE291B03B6EFAC539C /* ColorPallete.swift */ = {isa = PBXFileReference; lastKnownFileType = sourcecode.swift; path = ColorPallete.swift; sourceTree = "<group>"; };
		0EFC6CF4A807F86FDF36B22D /* BasicCharacterView.swift */ = {isa = PBXFileReference; lastKnownFileType = sourcecode.swift; path = BasicCharacterView.swift; sourceTree = "<group>"; };
		13F3D84A0A7604AB9049B68A /* SettingsView.swift */ = {isa = PBXFileReference; lastKnownFileType = sourcecode.swift; path = SettingsView.swift; sourceTree = "<group>"; };
		1AE6978CB75C4A8BAC76BA89 /* ProgressBar.swift */ = {isa = PBXFileReference; lastKnownFileType = sourcecode.swift; path = ProgressBar.swift; sourceTree = "<group>"; };
		262DD59938FEE703EF945011 /* PhraseBCell.swift */ = {isa = PBXFileReference; lastKnownFileType = sourcecode.swift; path = PhraseBCell.swift; sourceTree = "<group>"; };
		270663A6100EF4D5836B3A09 /* VideoView.swift */ = {isa = PBXFileReference; lastKnownFileType = sourcecode.swift; path = VideoView.swift; sourceTree = "<group>"; };
		279805C3262B54732701EA9F /* CameraViewController.swift */ = {isa = PBXFileReference; lastKnownFileType = sourcecode.swift; path = CameraViewController.swift; sourceTree = "<group>"; };
		2C5CEB645E725CEFE6E62118 /* PhraseStyle.swift */ = {isa = PBXFileReference; lastKnownFileType = sourcecode.swift; path = PhraseStyle.swift; sourceTree = "<group>"; };
		2DC5C4BE237D93EA6CB23CE2 /* OnboardingRegion.swift */ = {isa = PBXFileReference; lastKnownFileType = sourcecode.swift; path = OnboardingRegion.swift; sourceTree = "<group>"; };
		2FD16F2268223352C27FA8A2 /* Signity.app */ = {isa = PBXFileReference; explicitFileType = wrapper.application; includeInIndex = 0; path = Signity.app; sourceTree = BUILT_PRODUCTS_DIR; };
		30F31F17EFF5297A4B6C2558 /* Info.plist */ = {isa = PBXFileReference; lastKnownFileType = text.plist; path = Info.plist; sourceTree = "<group>"; };
		37E0F6AB7A446A3B393E745F /* HorizontalModules.swift */ = {isa = PBXFileReference; lastKnownFileType = sourcecode.swift; path = HorizontalModules.swift; sourceTree = "<group>"; };
		3888DBCED1D5EC48E193EB91 /* SignityUITests.xctest */ = {isa = PBXFileReference; includeInIndex = 0; lastKnownFileType = wrapper.cfbundle; path = SignityUITests.xctest; sourceTree = BUILT_PRODUCTS_DIR; };
		41022655D8306F102604B79C /* CameraViewController+DrawLandmark.swift */ = {isa = PBXFileReference; lastKnownFileType = sourcecode.swift; path = "CameraViewController+DrawLandmark.swift"; sourceTree = "<group>"; };
		42C6A2C6E9383B8717A12A3E /* TutorialViewModel.swift */ = {isa = PBXFileReference; lastKnownFileType = sourcecode.swift; path = TutorialViewModel.swift; sourceTree = "<group>"; };
		46A0276B4BC014FE02C84F0E /* blender.json */ = {isa = PBXFileReference; lastKnownFileType = text.json; path = blender.json; sourceTree = "<group>"; };
		470565220643A165BE924DF6 /* TutorialView.swift */ = {isa = PBXFileReference; lastKnownFileType = sourcecode.swift; path = TutorialView.swift; sourceTree = "<group>"; };
		4890FC63A94D6EFE0F660E19 /* Info.plist */ = {isa = PBXFileReference; lastKnownFileType = text.plist; path = Info.plist; sourceTree = "<group>"; };
		4F3B710B9C4E7AF146316DE2 /* CategoryModel.swift */ = {isa = PBXFileReference; lastKnownFileType = sourcecode.swift; path = CategoryModel.swift; sourceTree = "<group>"; };
		4F7B3399D5BCEF5CDBDB6DA1 /* ContentView.swift */ = {isa = PBXFileReference; lastKnownFileType = sourcecode.swift; path = ContentView.swift; sourceTree = "<group>"; };
		547B85768E0463A85FF0B252 /* SignityUITests.swift */ = {isa = PBXFileReference; lastKnownFileType = sourcecode.swift; path = SignityUITests.swift; sourceTree = "<group>"; };
		553E439926C13AD700ED706E /* OnboardingData.swift */ = {isa = PBXFileReference; lastKnownFileType = sourcecode.swift; path = OnboardingData.swift; sourceTree = "<group>"; };
		5952026596553C5C9494F027 /* AccomplishmentSimulasi.swift */ = {isa = PBXFileReference; lastKnownFileType = sourcecode.swift; path = AccomplishmentSimulasi.swift; sourceTree = "<group>"; };
		61571D475D68A328D52A1734 /* ChatBubble.swift */ = {isa = PBXFileReference; lastKnownFileType = sourcecode.swift; path = ChatBubble.swift; sourceTree = "<group>"; };
		617AE4E0ADFD1EB1B30CEEA9 /* person.json */ = {isa = PBXFileReference; lastKnownFileType = text.json; path = person.json; sourceTree = "<group>"; };
		6327FAFD01F9CBA5AD2A2B74 /* PhraseACell.swift */ = {isa = PBXFileReference; lastKnownFileType = sourcecode.swift; path = PhraseACell.swift; sourceTree = "<group>"; };
		6666808466A209E8F198A6D2 /* AppDelegate.swift */ = {isa = PBXFileReference; lastKnownFileType = sourcecode.swift; path = AppDelegate.swift; sourceTree = "<group>"; };
		67D4914CC166E8C44F03F1D6 /* CourseModel.swift */ = {isa = PBXFileReference; lastKnownFileType = sourcecode.swift; path = CourseModel.swift; sourceTree = "<group>"; };
		6B18DC5CF32CD6EE3B2B19E2 /* CharacterCell.swift */ = {isa = PBXFileReference; lastKnownFileType = sourcecode.swift; path = CharacterCell.swift; sourceTree = "<group>"; };
		6B4A96650914334E40940ED1 /* AccomplishmentTiru.swift */ = {isa = PBXFileReference; lastKnownFileType = sourcecode.swift; path = AccomplishmentTiru.swift; sourceTree = "<group>"; };
		74C32BE981B5B58D7DF608A1 /* HandLandmarks.swift */ = {isa = PBXFileReference; lastKnownFileType = sourcecode.swift; path = HandLandmarks.swift; sourceTree = "<group>"; };
		76DC06823247EC7547D98226 /* CameraNavigationBar.swift */ = {isa = PBXFileReference; lastKnownFileType = sourcecode.swift; path = CameraNavigationBar.swift; sourceTree = "<group>"; };
		81A658F1F3904143390E2BA0 /* HintButton.swift */ = {isa = PBXFileReference; lastKnownFileType = sourcecode.swift; path = HintButton.swift; sourceTree = "<group>"; };
		83878CD97BD140ABD104ECC6 /* Onboarding.swift */ = {isa = PBXFileReference; lastKnownFileType = sourcecode.swift; path = Onboarding.swift; sourceTree = "<group>"; };
		862F352F3B100B1E86D29A27 /* dolphin.json */ = {isa = PBXFileReference; lastKnownFileType = text.json; path = dolphin.json; sourceTree = "<group>"; };
		8DB8AA153DB638E5543DF0E7 /* SignityTests.swift */ = {isa = PBXFileReference; lastKnownFileType = sourcecode.swift; path = SignityTests.swift; sourceTree = "<group>"; };
		8DD248B70321BE0D13110C85 /* OnboardingLatihanTiru.swift */ = {isa = PBXFileReference; lastKnownFileType = sourcecode.swift; path = OnboardingLatihanTiru.swift; sourceTree = "<group>"; };
		9038060D677E653F93F8D914 /* HandGuide.swift */ = {isa = PBXFileReference; lastKnownFileType = sourcecode.swift; path = HandGuide.swift; sourceTree = "<group>"; };
		916D3CD6E380E16083BEB87D /* HandLines.swift */ = {isa = PBXFileReference; lastKnownFileType = sourcecode.swift; path = HandLines.swift; sourceTree = "<group>"; };
		920CB00F8114C948820898D6 /* CardViewCourse.swift */ = {isa = PBXFileReference; lastKnownFileType = sourcecode.swift; path = CardViewCourse.swift; sourceTree = "<group>"; };
		937BBB895E982E23EDE14EB8 /* Hand.swift */ = {isa = PBXFileReference; lastKnownFileType = sourcecode.swift; path = Hand.swift; sourceTree = "<group>"; };
		987CCAD410893A903846610A /* SentenceFeedbackView.swift */ = {isa = PBXFileReference; lastKnownFileType = sourcecode.swift; path = SentenceFeedbackView.swift; sourceTree = "<group>"; };
		99A445EF09E4F9709D57F064 /* PracticeView.swift */ = {isa = PBXFileReference; lastKnownFileType = sourcecode.swift; path = PracticeView.swift; sourceTree = "<group>"; };
		9DBB438A18D7610A946A6CCC /* SignityTests.xctest */ = {isa = PBXFileReference; includeInIndex = 0; lastKnownFileType = wrapper.cfbundle; path = SignityTests.xctest; sourceTree = BUILT_PRODUCTS_DIR; };
		A0D7EE716EDD06555C28C966 /* CardViewCourseLock.swift */ = {isa = PBXFileReference; lastKnownFileType = sourcecode.swift; path = CardViewCourseLock.swift; sourceTree = "<group>"; };
		A1E23FADA03783C9A2BD0290 /* Signity.xcdatamodel */ = {isa = PBXFileReference; lastKnownFileType = wrapper.xcdatamodel; path = Signity.xcdatamodel; sourceTree = "<group>"; };
		A6FFF2DD3D1AE814A9C6EE77 /* ComparePhraseView.swift */ = {isa = PBXFileReference; lastKnownFileType = sourcecode.swift; path = ComparePhraseView.swift; sourceTree = "<group>"; };
		B4F139692329014ADE4D25E3 /* PlaybackButton.swift */ = {isa = PBXFileReference; lastKnownFileType = sourcecode.swift; path = PlaybackButton.swift; sourceTree = "<group>"; };
		B96FBD18996C823EE0C1B021 /* CameraRepresentable.swift */ = {isa = PBXFileReference; lastKnownFileType = sourcecode.swift; path = CameraRepresentable.swift; sourceTree = "<group>"; };
		BBABD56B2392B76F8D92AD37 /* SimulationView.swift */ = {isa = PBXFileReference; lastKnownFileType = sourcecode.swift; path = SimulationView.swift; sourceTree = "<group>"; };
		BC1946E712BBE28EF1AE9E39 /* OnboardingSimulasi.swift */ = {isa = PBXFileReference; lastKnownFileType = sourcecode.swift; path = OnboardingSimulasi.swift; sourceTree = "<group>"; };
		BF0B436DD6DAF9D1667BB1BC /* PracticeViewModel.swift */ = {isa = PBXFileReference; lastKnownFileType = sourcecode.swift; path = PracticeViewModel.swift; sourceTree = "<group>"; };
		C07A0C50D46C78B7D34FDB24 /* Assets.xcassets */ = {isa = PBXFileReference; lastKnownFileType = folder.assetcatalog; path = Assets.xcassets; sourceTree = "<group>"; };
		C794D8A0D50E58BD6C56F66B /* CoursePage.swift */ = {isa = PBXFileReference; lastKnownFileType = sourcecode.swift; path = CoursePage.swift; sourceTree = "<group>"; };
		CD188080E4DE4461D42AC80B /* CollectionView.swift */ = {isa = PBXFileReference; lastKnownFileType = sourcecode.swift; path = CollectionView.swift; sourceTree = "<group>"; };
		D1FDD3F9D4DB3C38A02F4D76 /* PhraseButton.swift */ = {isa = PBXFileReference; lastKnownFileType = sourcecode.swift; path = PhraseButton.swift; sourceTree = "<group>"; };
		D44B8AE401E1AF9CAF282DA8 /* SituationPhraseView.swift */ = {isa = PBXFileReference; lastKnownFileType = sourcecode.swift; path = SituationPhraseView.swift; sourceTree = "<group>"; };
		D8F0F68D1A393723854BF024 /* ChatTriangleShape.swift */ = {isa = PBXFileReference; lastKnownFileType = sourcecode.swift; path = ChatTriangleShape.swift; sourceTree = "<group>"; };
		DB56FC9B7DCA54A4FA21B5F7 /* YourTurnView.swift */ = {isa = PBXFileReference; lastKnownFileType = sourcecode.swift; path = YourTurnView.swift; sourceTree = "<group>"; };
		E1A2FA5741B2A373E33911FF /* SimulationViewModel.swift */ = {isa = PBXFileReference; lastKnownFileType = sourcecode.swift; path = SimulationViewModel.swift; sourceTree = "<group>"; };
		E1C01CE2969A78878B2651FD /* CompareView.swift */ = {isa = PBXFileReference; lastKnownFileType = sourcecode.swift; path = CompareView.swift; sourceTree = "<group>"; };
		E21667F3922CF4623655E6DD /* LottieView.swift */ = {isa = PBXFileReference; lastKnownFileType = sourcecode.swift; path = LottieView.swift; sourceTree = "<group>"; };
		E4F70F021D91A5C03A9E62F0 /* SceneDelegate.swift */ = {isa = PBXFileReference; lastKnownFileType = sourcecode.swift; path = SceneDelegate.swift; sourceTree = "<group>"; };
		E77AE505F7D6503D14129DC1 /* Preview Assets.xcassets */ = {isa = PBXFileReference; lastKnownFileType = folder.assetcatalog; path = "Preview Assets.xcassets"; sourceTree = "<group>"; };
		E852BF7EE7359762A27F4B45 /* BasicPhraseView.swift */ = {isa = PBXFileReference; lastKnownFileType = sourcecode.swift; path = BasicPhraseView.swift; sourceTree = "<group>"; };
		EB07268FEBCC090892FDDFDB /* ProgressBarCourse.swift */ = {isa = PBXFileReference; lastKnownFileType = sourcecode.swift; path = ProgressBarCourse.swift; sourceTree = "<group>"; };
		F21BCD537E4A79EDEA7A614D /* Info.plist */ = {isa = PBXFileReference; lastKnownFileType = text.plist; path = Info.plist; sourceTree = "<group>"; };
		F27B4F9AA54999C93A1645B6 /* Base */ = {isa = PBXFileReference; lastKnownFileType = file.storyboard; name = Base; path = Base.lproj/LaunchScreen.storyboard; sourceTree = "<group>"; };
		FCF9E77E37D87A98CE8298F0 /* TutorialPhraseView.swift */ = {isa = PBXFileReference; lastKnownFileType = sourcecode.swift; path = TutorialPhraseView.swift; sourceTree = "<group>"; };
/* End PBXFileReference section */

/* Begin PBXFrameworksBuildPhase section */
		0DF16B431A1627A046AC3D22 /* Frameworks */ = {
			isa = PBXFrameworksBuildPhase;
			buildActionMask = 2147483647;
			files = (
				EE8A3342919A6E51AD06F3EB /* Lottie in Frameworks */,
			);
			runOnlyForDeploymentPostprocessing = 0;
		};
/* End PBXFrameworksBuildPhase section */

/* Begin PBXGroup section */
		0012394E3DE4D4F51085E670 /* SignityUITests */ = {
			isa = PBXGroup;
			children = (
				F21BCD537E4A79EDEA7A614D /* Info.plist */,
				547B85768E0463A85FF0B252 /* SignityUITests.swift */,
			);
			path = SignityUITests;
			sourceTree = "<group>";
		};
		08F9829368CE698010107C23 /* Modifier */ = {
			isa = PBXGroup;
			children = (
				2C5CEB645E725CEFE6E62118 /* PhraseStyle.swift */,
			);
			path = Modifier;
			sourceTree = "<group>";
		};
		0D7AD422D06393C8E1DC28C8 /* Resources */ = {
			isa = PBXGroup;
			children = (
				6B18DC5CF32CD6EE3B2B19E2 /* CharacterCell.swift */,
				6327FAFD01F9CBA5AD2A2B74 /* PhraseACell.swift */,
				262DD59938FEE703EF945011 /* PhraseBCell.swift */,
			);
			path = Resources;
			sourceTree = "<group>";
		};
		0E79583B173EC7D6A6253A09 /* Accomplishment */ = {
			isa = PBXGroup;
			children = (
				B5D6E0671E5C1F2DEC5EF61C /* View */,
			);
			path = Accomplishment;
			sourceTree = "<group>";
		};
		19D5FED0E293B8F59B0D45CF /* Resources */ = {
			isa = PBXGroup;
			children = (
				46A0276B4BC014FE02C84F0E /* blender.json */,
				617AE4E0ADFD1EB1B30CEEA9 /* person.json */,
			);
			path = Resources;
			sourceTree = "<group>";
		};
		1DBA444888E4132B42D3F52F /* Preview Content */ = {
			isa = PBXGroup;
			children = (
				E77AE505F7D6503D14129DC1 /* Preview Assets.xcassets */,
			);
			path = "Preview Content";
			sourceTree = "<group>";
		};
		22557335EE844B7B6EC69B99 /* Practice */ = {
			isa = PBXGroup;
			children = (
				9038060D677E653F93F8D914 /* HandGuide.swift */,
				37E0F6AB7A446A3B393E745F /* HorizontalModules.swift */,
				99A445EF09E4F9709D57F064 /* PracticeView.swift */,
			);
			path = Practice;
			sourceTree = "<group>";
		};
		22ED93F30749899D1D7D9BB4 /* Themes */ = {
			isa = PBXGroup;
			children = (
				0571F9AE291B03B6EFAC539C /* ColorPallete.swift */,
				08F9829368CE698010107C23 /* Modifier */,
				E07E062FB526BC7C539C912A /* Shape */,
				DB8D98FB6495A27094980305 /* View */,
			);
			path = Themes;
			sourceTree = "<group>";
		};
		41FAFDC851589B28B2D06D92 /* View */ = {
			isa = PBXGroup;
			children = (
				920CB00F8114C948820898D6 /* CardViewCourse.swift */,
				A0D7EE716EDD06555C28C966 /* CardViewCourseLock.swift */,
				C794D8A0D50E58BD6C56F66B /* CoursePage.swift */,
				EB07268FEBCC090892FDDFDB /* ProgressBarCourse.swift */,
			);
			path = View;
			sourceTree = "<group>";
		};
		4313579EF95A5BCF8214BF49 /* ViewModel */ = {
			isa = PBXGroup;
			children = (
				BF0B436DD6DAF9D1667BB1BC /* PracticeViewModel.swift */,
				E1A2FA5741B2A373E33911FF /* SimulationViewModel.swift */,
			);
			path = ViewModel;
			sourceTree = "<group>";
		};
		4D42AC9C26757F045F3FF6C3 /* OnboardingLatihan */ = {
			isa = PBXGroup;
			children = (
				79C835FF1E0714022ED1328B /* View */,
			);
			path = OnboardingLatihan;
			sourceTree = "<group>";
		};
		553E439826C13AC700ED706E /* Model */ = {
			isa = PBXGroup;
			children = (
				553E439926C13AD700ED706E /* OnboardingData.swift */,
			);
			path = Model;
			sourceTree = "<group>";
		};
		5C4CB7B44BF9F7F48B60678D /* Model */ = {
			isa = PBXGroup;
			children = (
				937BBB895E982E23EDE14EB8 /* Hand.swift */,
			);
			path = Model;
			sourceTree = "<group>";
		};
		5FFA9597333082C74B14EDC4 = {
			isa = PBXGroup;
			children = (
				FCB6EC2D012A83BED90D7F81 /* Signity */,
				7E504698076996AE8A41B51E /* SignityTests */,
				0012394E3DE4D4F51085E670 /* SignityUITests */,
				E0136519A83643AE8063DEED /* Products */,
			);
			sourceTree = "<group>";
		};
		6022506133676281C10110E3 /* Simulation */ = {
			isa = PBXGroup;
			children = (
				81A658F1F3904143390E2BA0 /* HintButton.swift */,
				BBABD56B2392B76F8D92AD37 /* SimulationView.swift */,
				DB56FC9B7DCA54A4FA21B5F7 /* YourTurnView.swift */,
			);
			path = Simulation;
			sourceTree = "<group>";
		};
		64D84C22B73422DC04CEEDE3 /* View */ = {
			isa = PBXGroup;
			children = (
				0EFC6CF4A807F86FDF36B22D /* BasicCharacterView.swift */,
				E852BF7EE7359762A27F4B45 /* BasicPhraseView.swift */,
				D44B8AE401E1AF9CAF282DA8 /* SituationPhraseView.swift */,
				0D7AD422D06393C8E1DC28C8 /* Resources */,
			);
			path = View;
			sourceTree = "<group>";
		};
		744B82F8851216C483355236 /* ViewModel */ = {
			isa = PBXGroup;
			children = (
				42C6A2C6E9383B8717A12A3E /* TutorialViewModel.swift */,
			);
			path = ViewModel;
			sourceTree = "<group>";
		};
		79C835FF1E0714022ED1328B /* View */ = {
			isa = PBXGroup;
			children = (
				8DD248B70321BE0D13110C85 /* OnboardingLatihanTiru.swift */,
				BC1946E712BBE28EF1AE9E39 /* OnboardingSimulasi.swift */,
			);
			path = View;
			sourceTree = "<group>";
		};
		7E504698076996AE8A41B51E /* SignityTests */ = {
			isa = PBXGroup;
			children = (
				30F31F17EFF5297A4B6C2558 /* Info.plist */,
				8DB8AA153DB638E5543DF0E7 /* SignityTests.swift */,
			);
			path = SignityTests;
			sourceTree = "<group>";
		};
		88CBFD65052E9248C1978184 /* CameraView */ = {
			isa = PBXGroup;
			children = (
				B96FBD18996C823EE0C1B021 /* CameraRepresentable.swift */,
				279805C3262B54732701EA9F /* CameraViewController.swift */,
				41022655D8306F102604B79C /* CameraViewController+DrawLandmark.swift */,
			);
			path = CameraView;
			sourceTree = "<group>";
		};
		8E1C538F52E121018283636A /* Module */ = {
			isa = PBXGroup;
			children = (
				4F3B710B9C4E7AF146316DE2 /* CategoryModel.swift */,
				0E79583B173EC7D6A6253A09 /* Accomplishment */,
				EB0E29A3FFEED25B4B1FE302 /* Category */,
				B0A4BA66435B4B8E6619D900 /* Compare */,
				E6B4EA94337A05295D39ED5C /* Course */,
				CEA1B5EE744C7B38717B757F /* Onboarding */,
				4D42AC9C26757F045F3FF6C3 /* OnboardingLatihan */,
				A53AD3AC945FB39BCE9894F5 /* Practice */,
				B54BDE346464675A4C4FFD2C /* Settings */,
				ED152C325C6ABE4E24C8566C /* Tutorial */,
			);
			path = Module;
			sourceTree = "<group>";
		};
		9B6D4BF9EA5222795581EC5A /* Application */ = {
			isa = PBXGroup;
			children = (
				6666808466A209E8F198A6D2 /* AppDelegate.swift */,
				E4F70F021D91A5C03A9E62F0 /* SceneDelegate.swift */,
			);
			path = Application;
			sourceTree = "<group>";
		};
		A3DEB09683C1C67A7586C600 /* View */ = {
			isa = PBXGroup;
			children = (
				A6FFF2DD3D1AE814A9C6EE77 /* ComparePhraseView.swift */,
				E1C01CE2969A78878B2651FD /* CompareView.swift */,
			);
			path = View;
			sourceTree = "<group>";
		};
		A53AD3AC945FB39BCE9894F5 /* Practice */ = {
			isa = PBXGroup;
			children = (
				5C4CB7B44BF9F7F48B60678D /* Model */,
				B77E6377BB182B3E306FF2D1 /* View */,
				4313579EF95A5BCF8214BF49 /* ViewModel */,
			);
			path = Practice;
			sourceTree = "<group>";
		};
		A7BE239C761E118D7ECAC804 /* View */ = {
			isa = PBXGroup;
			children = (
				83878CD97BD140ABD104ECC6 /* Onboarding.swift */,
				2DC5C4BE237D93EA6CB23CE2 /* OnboardingRegion.swift */,
			);
			path = View;
			sourceTree = "<group>";
		};
		B0A4BA66435B4B8E6619D900 /* Compare */ = {
			isa = PBXGroup;
			children = (
				A3DEB09683C1C67A7586C600 /* View */,
			);
			path = Compare;
			sourceTree = "<group>";
		};
		B54BDE346464675A4C4FFD2C /* Settings */ = {
			isa = PBXGroup;
			children = (
				B88A3BDB9AB45D97DF3F5F77 /* View */,
			);
			path = Settings;
			sourceTree = "<group>";
		};
		B5D6E0671E5C1F2DEC5EF61C /* View */ = {
			isa = PBXGroup;
			children = (
				5952026596553C5C9494F027 /* AccomplishmentSimulasi.swift */,
				6B4A96650914334E40940ED1 /* AccomplishmentTiru.swift */,
			);
			path = View;
			sourceTree = "<group>";
		};
		B77E6377BB182B3E306FF2D1 /* View */ = {
			isa = PBXGroup;
			children = (
				76DC06823247EC7547D98226 /* CameraNavigationBar.swift */,
				61571D475D68A328D52A1734 /* ChatBubble.swift */,
				270663A6100EF4D5836B3A09 /* VideoView.swift */,
				88CBFD65052E9248C1978184 /* CameraView */,
				22557335EE844B7B6EC69B99 /* Practice */,
				6022506133676281C10110E3 /* Simulation */,
			);
			path = View;
			sourceTree = "<group>";
		};
		B88A3BDB9AB45D97DF3F5F77 /* View */ = {
			isa = PBXGroup;
			children = (
				CD188080E4DE4461D42AC80B /* CollectionView.swift */,
				13F3D84A0A7604AB9049B68A /* SettingsView.swift */,
			);
			path = View;
			sourceTree = "<group>";
		};
		C6678D35740C746E97B74942 /* View */ = {
			isa = PBXGroup;
			children = (
				FCF9E77E37D87A98CE8298F0 /* TutorialPhraseView.swift */,
				470565220643A165BE924DF6 /* TutorialView.swift */,
			);
			path = View;
			sourceTree = "<group>";
		};
		CE2B7123E3C9546B3820C69F /* Model */ = {
			isa = PBXGroup;
			children = (
				67D4914CC166E8C44F03F1D6 /* CourseModel.swift */,
			);
			path = Model;
			sourceTree = "<group>";
		};
		CEA1B5EE744C7B38717B757F /* Onboarding */ = {
			isa = PBXGroup;
			children = (
				553E439826C13AC700ED706E /* Model */,
				A7BE239C761E118D7ECAC804 /* View */,
			);
			path = Onboarding;
			sourceTree = "<group>";
		};
		DB8D98FB6495A27094980305 /* View */ = {
			isa = PBXGroup;
			children = (
				E21667F3922CF4623655E6DD /* LottieView.swift */,
				D1FDD3F9D4DB3C38A02F4D76 /* PhraseButton.swift */,
				B4F139692329014ADE4D25E3 /* PlaybackButton.swift */,
				1AE6978CB75C4A8BAC76BA89 /* ProgressBar.swift */,
				987CCAD410893A903846610A /* SentenceFeedbackView.swift */,
			);
			path = View;
			sourceTree = "<group>";
		};
		E0136519A83643AE8063DEED /* Products */ = {
			isa = PBXGroup;
			children = (
				2FD16F2268223352C27FA8A2 /* Signity.app */,
				9DBB438A18D7610A946A6CCC /* SignityTests.xctest */,
				3888DBCED1D5EC48E193EB91 /* SignityUITests.xctest */,
			);
			name = Products;
			sourceTree = "<group>";
		};
		E07E062FB526BC7C539C912A /* Shape */ = {
			isa = PBXGroup;
			children = (
				D8F0F68D1A393723854BF024 /* ChatTriangleShape.swift */,
				74C32BE981B5B58D7DF608A1 /* HandLandmarks.swift */,
				916D3CD6E380E16083BEB87D /* HandLines.swift */,
			);
			path = Shape;
			sourceTree = "<group>";
		};
		E6B4EA94337A05295D39ED5C /* Course */ = {
			isa = PBXGroup;
			children = (
				CE2B7123E3C9546B3820C69F /* Model */,
				41FAFDC851589B28B2D06D92 /* View */,
			);
			path = Course;
			sourceTree = "<group>";
		};
		EB0E29A3FFEED25B4B1FE302 /* Category */ = {
			isa = PBXGroup;
			children = (
				64D84C22B73422DC04CEEDE3 /* View */,
			);
			path = Category;
			sourceTree = "<group>";
		};
		ED152C325C6ABE4E24C8566C /* Tutorial */ = {
			isa = PBXGroup;
			children = (
				C6678D35740C746E97B74942 /* View */,
				744B82F8851216C483355236 /* ViewModel */,
			);
			path = Tutorial;
			sourceTree = "<group>";
		};
		FBC6D37FF3248E300B6BAC2F /* Helper */ = {
			isa = PBXGroup;
			children = (
				001BF5FAC6DE6AF875597DB9 /* ColorConfig.swift */,
			);
			path = Helper;
			sourceTree = "<group>";
		};
		FCB6EC2D012A83BED90D7F81 /* Signity */ = {
			isa = PBXGroup;
			children = (
				C07A0C50D46C78B7D34FDB24 /* Assets.xcassets */,
				4F7B3399D5BCEF5CDBDB6DA1 /* ContentView.swift */,
				862F352F3B100B1E86D29A27 /* dolphin.json */,
				4890FC63A94D6EFE0F660E19 /* Info.plist */,
				91F10AB9ED99D0899092C811 /* LaunchScreen.storyboard */,
				E3D6A0422622C32959874569 /* Signity.xcdatamodeld */,
				9B6D4BF9EA5222795581EC5A /* Application */,
				FBC6D37FF3248E300B6BAC2F /* Helper */,
				8E1C538F52E121018283636A /* Module */,
				1DBA444888E4132B42D3F52F /* Preview Content */,
				19D5FED0E293B8F59B0D45CF /* Resources */,
				22ED93F30749899D1D7D9BB4 /* Themes */,
			);
			path = Signity;
			sourceTree = "<group>";
		};
/* End PBXGroup section */

/* Begin PBXNativeTarget section */
		7980CB7EE98D88F0CC4EA5AA /* SignityUITests */ = {
			isa = PBXNativeTarget;
			buildConfigurationList = A4BB601E084096DC1CD02809 /* Build configuration list for PBXNativeTarget "SignityUITests" */;
			buildPhases = (
				FE36C07CBDEEFD9EF805AC4D /* Sources */,
			);
			buildRules = (
			);
			dependencies = (
			);
			name = SignityUITests;
			productName = SignityUITests;
			productReference = 3888DBCED1D5EC48E193EB91 /* SignityUITests.xctest */;
			productType = "com.apple.product-type.bundle.ui-testing";
		};
		8E2261436E0AA63C04B2CD30 /* Signity */ = {
			isa = PBXNativeTarget;
			buildConfigurationList = 05F24E7B598650EDB9ACF905 /* Build configuration list for PBXNativeTarget "Signity" */;
			buildPhases = (
				A072EF0FE885D3DB006F1F5A /* Sources */,
				8FCA1090B541FD958451BB99 /* Resources */,
				0DF16B431A1627A046AC3D22 /* Frameworks */,
			);
			buildRules = (
			);
			dependencies = (
			);
			name = Signity;
			packageProductDependencies = (
				BD103C4E035C99740F69B634 /* Lottie */,
			);
			productName = Signity;
			productReference = 2FD16F2268223352C27FA8A2 /* Signity.app */;
			productType = "com.apple.product-type.application";
		};
		A1E7F156DAF95E23C4FED86F /* SignityTests */ = {
			isa = PBXNativeTarget;
			buildConfigurationList = 7BD6007F6C5AC5CFBC7125BB /* Build configuration list for PBXNativeTarget "SignityTests" */;
			buildPhases = (
				4C9B6BCAF6AF300A63317101 /* Sources */,
			);
			buildRules = (
			);
			dependencies = (
			);
			name = SignityTests;
			productName = SignityTests;
			productReference = 9DBB438A18D7610A946A6CCC /* SignityTests.xctest */;
			productType = "com.apple.product-type.bundle.unit-test";
		};
/* End PBXNativeTarget section */

/* Begin PBXProject section */
		16A17110F0246B2B6064D282 /* Project object */ = {
			isa = PBXProject;
			attributes = {
				LastUpgradeCheck = 1200;
			};
			buildConfigurationList = 9960AD806CB30C9922FBB468 /* Build configuration list for PBXProject "Signity" */;
			compatibilityVersion = "Xcode 10.0";
			developmentRegion = en;
			hasScannedForEncodings = 0;
			knownRegions = (
				Base,
				en,
			);
			mainGroup = 5FFA9597333082C74B14EDC4;
			packageReferences = (
				06E2DBB6FFEF938F0F04CE51 /* XCRemoteSwiftPackageReference "lottie-ios" */,
			);
			projectDirPath = "";
			projectRoot = "";
			targets = (
				8E2261436E0AA63C04B2CD30 /* Signity */,
				A1E7F156DAF95E23C4FED86F /* SignityTests */,
				7980CB7EE98D88F0CC4EA5AA /* SignityUITests */,
			);
		};
/* End PBXProject section */

/* Begin PBXResourcesBuildPhase section */
		8FCA1090B541FD958451BB99 /* Resources */ = {
			isa = PBXResourcesBuildPhase;
			buildActionMask = 2147483647;
			files = (
				159D9BCB64D7DF599967E393 /* Assets.xcassets in Resources */,
				943739E86AEF32D30B9D9D13 /* LaunchScreen.storyboard in Resources */,
				347DEA0453009FBC5310F3E7 /* Preview Assets.xcassets in Resources */,
				BA7879FB5453789E57E087FB /* blender.json in Resources */,
				8607050E3280A0DC11FE7B0F /* dolphin.json in Resources */,
				3B9AF74576B582B36790443D /* person.json in Resources */,
			);
			runOnlyForDeploymentPostprocessing = 0;
		};
/* End PBXResourcesBuildPhase section */

/* Begin PBXSourcesBuildPhase section */
		4C9B6BCAF6AF300A63317101 /* Sources */ = {
			isa = PBXSourcesBuildPhase;
			buildActionMask = 2147483647;
			files = (
				5B2CB0C4F72B3DF6F0B3E836 /* SignityTests.swift in Sources */,
			);
			runOnlyForDeploymentPostprocessing = 0;
		};
		A072EF0FE885D3DB006F1F5A /* Sources */ = {
			isa = PBXSourcesBuildPhase;
			buildActionMask = 2147483647;
			files = (
				B9ED22CF0CF16C1D509E7C70 /* AccomplishmentSimulasi.swift in Sources */,
				099D7285C59A70202562D737 /* AccomplishmentTiru.swift in Sources */,
				AA582D9468B35846D6B685FC /* AppDelegate.swift in Sources */,
				673D9AF2165F77F9220252BB /* BasicCharacterView.swift in Sources */,
				AE0431379DD116CD99F158FE /* BasicPhraseView.swift in Sources */,
				78608EBDC9EEB6E96F27EE7F /* CameraNavigationBar.swift in Sources */,
				DB4207052D8FD93F264D787B /* CameraRepresentable.swift in Sources */,
				C4FD1649159EA4B236539F48 /* CameraViewController+DrawLandmark.swift in Sources */,
				1FB5593379EFEEBDE7821C35 /* CameraViewController.swift in Sources */,
				AD4ACC98BE902A96BFDA7EEC /* CardViewCourse.swift in Sources */,
				D165A30D85509EDE52A71FFB /* CardViewCourseLock.swift in Sources */,
				8D1C0BF2912C124ECD82C09B /* CategoryModel.swift in Sources */,
				FE5220F21863C2B7F851F3AC /* CharacterCell.swift in Sources */,
				2DE307E1D08040D56ED29EE3 /* ChatBubble.swift in Sources */,
				9FED50ED7D44182DFC591429 /* ChatTriangleShape.swift in Sources */,
				E6BB61039551A3FA7EACDA5A /* CollectionView.swift in Sources */,
				24C76697610B98314D84E7EF /* ColorConfig.swift in Sources */,
				CD723BAE78FF4946B516D483 /* ColorPallete.swift in Sources */,
				851C5E38307AD135B7FD9397 /* ComparePhraseView.swift in Sources */,
				07313F35F001E5F7B3FF6F58 /* CompareView.swift in Sources */,
				553E439A26C13AD700ED706E /* OnboardingData.swift in Sources */,
				D00C409638D13A7EDA5DDCD5 /* ContentView.swift in Sources */,
				321BCF0933B9CC69F646AE75 /* CourseModel.swift in Sources */,
				61E538B9C9C7313D2974E558 /* CoursePage.swift in Sources */,
				7F4E21AB2E5892E60A117BB4 /* Hand.swift in Sources */,
				A0C9CC3E8AD3E4D3C9F8D885 /* HandGuide.swift in Sources */,
				8127349C1209CDFEC89CD65F /* HandLandmarks.swift in Sources */,
				009F2099106A103EA5013B4C /* HandLines.swift in Sources */,
				EFE5E06B9AA1CED7A1ED0DB6 /* HintButton.swift in Sources */,
				FC65BE15315AB48DDB1684DF /* HorizontalModules.swift in Sources */,
				05B1A2715CE7F827FA6F36BA /* LottieView.swift in Sources */,
				3CC6C39BC8E7F3CFEED05989 /* Onboarding.swift in Sources */,
				091367095C9F5642A1CB6776 /* OnboardingLatihanTiru.swift in Sources */,
				60C13B7A61BF3FDD49E56CD3 /* OnboardingRegion.swift in Sources */,
				9AC993F189A7B4D1CC60019C /* OnboardingSimulasi.swift in Sources */,
				986CD9B189F6B757A1B96189 /* PhraseACell.swift in Sources */,
				626A2AC23D2FCEFBFACBD931 /* PhraseBCell.swift in Sources */,
				496A42468A95303ECA86D483 /* PhraseButton.swift in Sources */,
				B39C686929EE2D6C5302A515 /* PhraseStyle.swift in Sources */,
				524825ED58397E1E94A10618 /* PlaybackButton.swift in Sources */,
				04C0819596DA94F45A6DEAB8 /* PracticeView.swift in Sources */,
				089C735FB0DDADA06AE9B8D5 /* PracticeViewModel.swift in Sources */,
				1B405264C46BAE647B06BB01 /* ProgressBar.swift in Sources */,
				F2F8A5F45A805C2DCE1E1396 /* ProgressBarCourse.swift in Sources */,
				BD474682C4EF22D12528286A /* SceneDelegate.swift in Sources */,
				38A00CAD6D3635F49D2E8777 /* SentenceFeedbackView.swift in Sources */,
				3F426FA2579AA91947449ED2 /* SettingsView.swift in Sources */,
				388B23B90718820A73A0951C /* Signity.xcdatamodeld in Sources */,
				D7A6003F26CAD5C08AF09AE4 /* SimulationView.swift in Sources */,
				156BDFD68BD5D417A9A3C1B1 /* SimulationViewModel.swift in Sources */,
				BA41B4DA649832A3274E96D3 /* SituationPhraseView.swift in Sources */,
				C8CDC39F39C55B8C009FC006 /* TutorialPhraseView.swift in Sources */,
				7A0AE58C1A4B5DFC68201390 /* TutorialView.swift in Sources */,
				CCAB2B0F632FF0C5AE04FD1A /* TutorialViewModel.swift in Sources */,
				18981A457D6D6F35F7F8D404 /* VideoView.swift in Sources */,
				1A3CC2C0ED8B45467608EF24 /* YourTurnView.swift in Sources */,
			);
			runOnlyForDeploymentPostprocessing = 0;
		};
		FE36C07CBDEEFD9EF805AC4D /* Sources */ = {
			isa = PBXSourcesBuildPhase;
			buildActionMask = 2147483647;
			files = (
				31A245C6ADAB54460924C8A6 /* SignityUITests.swift in Sources */,
			);
			runOnlyForDeploymentPostprocessing = 0;
		};
/* End PBXSourcesBuildPhase section */

/* Begin PBXVariantGroup section */
		91F10AB9ED99D0899092C811 /* LaunchScreen.storyboard */ = {
			isa = PBXVariantGroup;
			children = (
				F27B4F9AA54999C93A1645B6 /* Base */,
			);
			name = LaunchScreen.storyboard;
			sourceTree = "<group>";
		};
/* End PBXVariantGroup section */

/* Begin XCBuildConfiguration section */
		17B94182A7E8D8A3A1DD35EF /* Release */ = {
			isa = XCBuildConfiguration;
			buildSettings = {
				BUNDLE_LOADER = "$(TEST_HOST)";
				INFOPLIST_FILE = SignityTests/Info.plist;
				LD_RUNPATH_SEARCH_PATHS = (
					"$(inherited)",
					"@executable_path/Frameworks",
					"@loader_path/Frameworks",
				);
				PRODUCT_BUNDLE_IDENTIFIER = AppleAcademy.SignityTests;
				SDKROOT = iphoneos;
				TARGETED_DEVICE_FAMILY = "1,2";
			};
			name = Release;
		};
		1C66210BB0C1BA07FA1BCB9E /* Debug */ = {
			isa = XCBuildConfiguration;
			buildSettings = {
				BUNDLE_LOADER = "$(TEST_HOST)";
				INFOPLIST_FILE = SignityUITests/Info.plist;
				LD_RUNPATH_SEARCH_PATHS = (
					"$(inherited)",
					"@executable_path/Frameworks",
					"@loader_path/Frameworks",
				);
				PRODUCT_BUNDLE_IDENTIFIER = AppleAcademy.SignityUITests;
				SDKROOT = iphoneos;
				TARGETED_DEVICE_FAMILY = "1,2";
			};
			name = Debug;
		};
		36326A03FC6E74A16A53867A /* Debug */ = {
			isa = XCBuildConfiguration;
			buildSettings = {
				ASSETCATALOG_COMPILER_APPICON_NAME = AppIcon;
				CODE_SIGN_IDENTITY = "iPhone Developer";
				DEVELOPMENT_TEAM = ND4DZWJCVY;
				INFOPLIST_FILE = Signity/Info.plist;
				LD_RUNPATH_SEARCH_PATHS = (
					"$(inherited)",
					"@executable_path/Frameworks",
				);
				PRODUCT_BUNDLE_IDENTIFIER = AppleAcademy.Signity;
				SDKROOT = iphoneos;
				TARGETED_DEVICE_FAMILY = "1,2";
			};
			name = Debug;
		};
		47F4FB5513BCCDF5D23CC850 /* Release */ = {
			isa = XCBuildConfiguration;
			buildSettings = {
				BUNDLE_LOADER = "$(TEST_HOST)";
				INFOPLIST_FILE = SignityUITests/Info.plist;
				LD_RUNPATH_SEARCH_PATHS = (
					"$(inherited)",
					"@executable_path/Frameworks",
					"@loader_path/Frameworks",
				);
				PRODUCT_BUNDLE_IDENTIFIER = AppleAcademy.SignityUITests;
				SDKROOT = iphoneos;
				TARGETED_DEVICE_FAMILY = "1,2";
			};
			name = Release;
		};
		4A0B4E989D1905F109B9D01F /* Release */ = {
			isa = XCBuildConfiguration;
			buildSettings = {
				ALWAYS_SEARCH_USER_PATHS = NO;
				CLANG_ANALYZER_NONNULL = YES;
				CLANG_ANALYZER_NUMBER_OBJECT_CONVERSION = YES_AGGRESSIVE;
				CLANG_CXX_LANGUAGE_STANDARD = "gnu++14";
				CLANG_CXX_LIBRARY = "libc++";
				CLANG_ENABLE_MODULES = YES;
				CLANG_ENABLE_OBJC_ARC = YES;
				CLANG_ENABLE_OBJC_WEAK = YES;
				CLANG_WARN_BLOCK_CAPTURE_AUTORELEASING = YES;
				CLANG_WARN_BOOL_CONVERSION = YES;
				CLANG_WARN_COMMA = YES;
				CLANG_WARN_CONSTANT_CONVERSION = YES;
				CLANG_WARN_DEPRECATED_OBJC_IMPLEMENTATIONS = YES;
				CLANG_WARN_DIRECT_OBJC_ISA_USAGE = YES_ERROR;
				CLANG_WARN_DOCUMENTATION_COMMENTS = YES;
				CLANG_WARN_EMPTY_BODY = YES;
				CLANG_WARN_ENUM_CONVERSION = YES;
				CLANG_WARN_INFINITE_RECURSION = YES;
				CLANG_WARN_INT_CONVERSION = YES;
				CLANG_WARN_NON_LITERAL_NULL_CONVERSION = YES;
				CLANG_WARN_OBJC_IMPLICIT_RETAIN_SELF = YES;
				CLANG_WARN_OBJC_LITERAL_CONVERSION = YES;
				CLANG_WARN_OBJC_ROOT_CLASS = YES_ERROR;
				CLANG_WARN_QUOTED_INCLUDE_IN_FRAMEWORK_HEADER = YES;
				CLANG_WARN_RANGE_LOOP_ANALYSIS = YES;
				CLANG_WARN_STRICT_PROTOTYPES = YES;
				CLANG_WARN_SUSPICIOUS_MOVE = YES;
				CLANG_WARN_UNGUARDED_AVAILABILITY = YES_AGGRESSIVE;
				CLANG_WARN_UNREACHABLE_CODE = YES;
				CLANG_WARN__DUPLICATE_METHOD_MATCH = YES;
				COPY_PHASE_STRIP = NO;
				DEBUG_INFORMATION_FORMAT = "dwarf-with-dsym";
				ENABLE_NS_ASSERTIONS = NO;
				ENABLE_STRICT_OBJC_MSGSEND = YES;
				GCC_C_LANGUAGE_STANDARD = gnu11;
				GCC_NO_COMMON_BLOCKS = YES;
				GCC_WARN_64_TO_32_BIT_CONVERSION = YES;
				GCC_WARN_ABOUT_RETURN_TYPE = YES_ERROR;
				GCC_WARN_UNDECLARED_SELECTOR = YES;
				GCC_WARN_UNINITIALIZED_AUTOS = YES_AGGRESSIVE;
				GCC_WARN_UNUSED_FUNCTION = YES;
				GCC_WARN_UNUSED_VARIABLE = YES;
				IPHONEOS_DEPLOYMENT_TARGET = 14.4;
				MTL_ENABLE_DEBUG_INFO = NO;
				MTL_FAST_MATH = YES;
				PRODUCT_NAME = "$(TARGET_NAME)";
				SDKROOT = iphoneos;
				SWIFT_COMPILATION_MODE = wholemodule;
				SWIFT_OPTIMIZATION_LEVEL = "-O";
				SWIFT_VERSION = 5.0;
			};
			name = Release;
		};
		5B0F55218966679D240C0EC2 /* Release */ = {
			isa = XCBuildConfiguration;
			buildSettings = {
				ASSETCATALOG_COMPILER_APPICON_NAME = AppIcon;
				CODE_SIGN_IDENTITY = "iPhone Developer";
				DEVELOPMENT_TEAM = ND4DZWJCVY;
				INFOPLIST_FILE = Signity/Info.plist;
				LD_RUNPATH_SEARCH_PATHS = (
					"$(inherited)",
					"@executable_path/Frameworks",
				);
				PRODUCT_BUNDLE_IDENTIFIER = AppleAcademy.Signity;
				SDKROOT = iphoneos;
				TARGETED_DEVICE_FAMILY = "1,2";
			};
			name = Release;
		};
		8CCD283E34D3BACEB23119E9 /* Debug */ = {
			isa = XCBuildConfiguration;
			buildSettings = {
				BUNDLE_LOADER = "$(TEST_HOST)";
				INFOPLIST_FILE = SignityTests/Info.plist;
				LD_RUNPATH_SEARCH_PATHS = (
					"$(inherited)",
					"@executable_path/Frameworks",
					"@loader_path/Frameworks",
				);
				PRODUCT_BUNDLE_IDENTIFIER = AppleAcademy.SignityTests;
				SDKROOT = iphoneos;
				TARGETED_DEVICE_FAMILY = "1,2";
			};
			name = Debug;
		};
		8D5423A3F3517A82A40D091C /* Debug */ = {
			isa = XCBuildConfiguration;
			buildSettings = {
				ALWAYS_SEARCH_USER_PATHS = NO;
				CLANG_ANALYZER_NONNULL = YES;
				CLANG_ANALYZER_NUMBER_OBJECT_CONVERSION = YES_AGGRESSIVE;
				CLANG_CXX_LANGUAGE_STANDARD = "gnu++14";
				CLANG_CXX_LIBRARY = "libc++";
				CLANG_ENABLE_MODULES = YES;
				CLANG_ENABLE_OBJC_ARC = YES;
				CLANG_ENABLE_OBJC_WEAK = YES;
				CLANG_WARN_BLOCK_CAPTURE_AUTORELEASING = YES;
				CLANG_WARN_BOOL_CONVERSION = YES;
				CLANG_WARN_COMMA = YES;
				CLANG_WARN_CONSTANT_CONVERSION = YES;
				CLANG_WARN_DEPRECATED_OBJC_IMPLEMENTATIONS = YES;
				CLANG_WARN_DIRECT_OBJC_ISA_USAGE = YES_ERROR;
				CLANG_WARN_DOCUMENTATION_COMMENTS = YES;
				CLANG_WARN_EMPTY_BODY = YES;
				CLANG_WARN_ENUM_CONVERSION = YES;
				CLANG_WARN_INFINITE_RECURSION = YES;
				CLANG_WARN_INT_CONVERSION = YES;
				CLANG_WARN_NON_LITERAL_NULL_CONVERSION = YES;
				CLANG_WARN_OBJC_IMPLICIT_RETAIN_SELF = YES;
				CLANG_WARN_OBJC_LITERAL_CONVERSION = YES;
				CLANG_WARN_OBJC_ROOT_CLASS = YES_ERROR;
				CLANG_WARN_QUOTED_INCLUDE_IN_FRAMEWORK_HEADER = YES;
				CLANG_WARN_RANGE_LOOP_ANALYSIS = YES;
				CLANG_WARN_STRICT_PROTOTYPES = YES;
				CLANG_WARN_SUSPICIOUS_MOVE = YES;
				CLANG_WARN_UNGUARDED_AVAILABILITY = YES_AGGRESSIVE;
				CLANG_WARN_UNREACHABLE_CODE = YES;
				CLANG_WARN__DUPLICATE_METHOD_MATCH = YES;
				COPY_PHASE_STRIP = NO;
				DEBUG_INFORMATION_FORMAT = dwarf;
				ENABLE_STRICT_OBJC_MSGSEND = YES;
				ENABLE_TESTABILITY = YES;
				GCC_C_LANGUAGE_STANDARD = gnu11;
				GCC_DYNAMIC_NO_PIC = NO;
				GCC_NO_COMMON_BLOCKS = YES;
				GCC_OPTIMIZATION_LEVEL = 0;
				GCC_PREPROCESSOR_DEFINITIONS = (
					"$(inherited)",
					"DEBUG=1",
				);
				GCC_WARN_64_TO_32_BIT_CONVERSION = YES;
				GCC_WARN_ABOUT_RETURN_TYPE = YES_ERROR;
				GCC_WARN_UNDECLARED_SELECTOR = YES;
				GCC_WARN_UNINITIALIZED_AUTOS = YES_AGGRESSIVE;
				GCC_WARN_UNUSED_FUNCTION = YES;
				GCC_WARN_UNUSED_VARIABLE = YES;
				IPHONEOS_DEPLOYMENT_TARGET = 14.4;
				MTL_ENABLE_DEBUG_INFO = INCLUDE_SOURCE;
				MTL_FAST_MATH = YES;
				ONLY_ACTIVE_ARCH = YES;
				PRODUCT_NAME = "$(TARGET_NAME)";
				SDKROOT = iphoneos;
				SWIFT_ACTIVE_COMPILATION_CONDITIONS = DEBUG;
				SWIFT_OPTIMIZATION_LEVEL = "-Onone";
				SWIFT_VERSION = 5.0;
			};
			name = Debug;
		};
/* End XCBuildConfiguration section */

/* Begin XCConfigurationList section */
		05F24E7B598650EDB9ACF905 /* Build configuration list for PBXNativeTarget "Signity" */ = {
			isa = XCConfigurationList;
			buildConfigurations = (
				36326A03FC6E74A16A53867A /* Debug */,
				5B0F55218966679D240C0EC2 /* Release */,
			);
			defaultConfigurationIsVisible = 0;
			defaultConfigurationName = Debug;
		};
		7BD6007F6C5AC5CFBC7125BB /* Build configuration list for PBXNativeTarget "SignityTests" */ = {
			isa = XCConfigurationList;
			buildConfigurations = (
				8CCD283E34D3BACEB23119E9 /* Debug */,
				17B94182A7E8D8A3A1DD35EF /* Release */,
			);
			defaultConfigurationIsVisible = 0;
			defaultConfigurationName = Debug;
		};
		9960AD806CB30C9922FBB468 /* Build configuration list for PBXProject "Signity" */ = {
			isa = XCConfigurationList;
			buildConfigurations = (
				8D5423A3F3517A82A40D091C /* Debug */,
				4A0B4E989D1905F109B9D01F /* Release */,
			);
			defaultConfigurationIsVisible = 0;
			defaultConfigurationName = Debug;
		};
		A4BB601E084096DC1CD02809 /* Build configuration list for PBXNativeTarget "SignityUITests" */ = {
			isa = XCConfigurationList;
			buildConfigurations = (
				1C66210BB0C1BA07FA1BCB9E /* Debug */,
				47F4FB5513BCCDF5D23CC850 /* Release */,
			);
			defaultConfigurationIsVisible = 0;
			defaultConfigurationName = Debug;
		};
/* End XCConfigurationList section */

/* Begin XCRemoteSwiftPackageReference section */
		06E2DBB6FFEF938F0F04CE51 /* XCRemoteSwiftPackageReference "lottie-ios" */ = {
			isa = XCRemoteSwiftPackageReference;
			repositoryURL = "https://github.com/airbnb/lottie-ios";
			requirement = {
				kind = upToNextMajorVersion;
				minimumVersion = 3.2.3;
			};
		};
/* End XCRemoteSwiftPackageReference section */

/* Begin XCSwiftPackageProductDependency section */
		BD103C4E035C99740F69B634 /* Lottie */ = {
			isa = XCSwiftPackageProductDependency;
			package = 06E2DBB6FFEF938F0F04CE51 /* XCRemoteSwiftPackageReference "lottie-ios" */;
			productName = Lottie;
		};
/* End XCSwiftPackageProductDependency section */

/* Begin XCVersionGroup section */
		E3D6A0422622C32959874569 /* Signity.xcdatamodeld */ = {
			isa = XCVersionGroup;
			children = (
				A1E23FADA03783C9A2BD0290 /* Signity.xcdatamodel */,
			);
			currentVersion = A1E23FADA03783C9A2BD0290 /* Signity.xcdatamodel */;
			path = Signity.xcdatamodeld;
			sourceTree = "<group>";
			versionGroupType = wrapper.xcdatamodel;
		};
/* End XCVersionGroup section */
	};
	rootObject = 16A17110F0246B2B6064D282 /* Project object */;
}
